// !$*UTF8*$!
{
	archiveVersion = 1;
	classes = {
	};
	objectVersion = 56;
	objects = {

/* Begin PBXBuildFile section */
		B23089C129D05620005AB167 /* UserSettings.swift in Sources */ = {isa = PBXBuildFile; fileRef = B23089C029D05620005AB167 /* UserSettings.swift */; };
		B230A4D729D01AF50082A435 /* MenuView.swift in Sources */ = {isa = PBXBuildFile; fileRef = B230A4D629D01AF50082A435 /* MenuView.swift */; };
		B25C487E29CFB6F40023205F /* GitBarApp.swift in Sources */ = {isa = PBXBuildFile; fileRef = B25C487D29CFB6F40023205F /* GitBarApp.swift */; };
		B25C488229CFB6F60023205F /* Assets.xcassets in Resources */ = {isa = PBXBuildFile; fileRef = B25C488129CFB6F60023205F /* Assets.xcassets */; };
		B25C488529CFB6F60023205F /* Preview Assets.xcassets in Resources */ = {isa = PBXBuildFile; fileRef = B25C488429CFB6F60023205F /* Preview Assets.xcassets */; };
		B25C488F29CFBA880023205F /* WebService.swift in Sources */ = {isa = PBXBuildFile; fileRef = B25C488E29CFBA880023205F /* WebService.swift */; };
		B25C489629CFC4E70023205F /* ContentView.swift in Sources */ = {isa = PBXBuildFile; fileRef = B25C489529CFC4E70023205F /* ContentView.swift */; };
		B25C489A29CFD2690023205F /* Credits.rtf in Resources */ = {isa = PBXBuildFile; fileRef = B25C489929CFD2690023205F /* Credits.rtf */; };
		B25C489C29CFDA620023205F /* SettingsView.swift in Sources */ = {isa = PBXBuildFile; fileRef = B25C489B29CFDA620023205F /* SettingsView.swift */; };
/* End PBXBuildFile section */

/* Begin PBXFileReference section */
		B23089C029D05620005AB167 /* UserSettings.swift */ = {isa = PBXFileReference; lastKnownFileType = sourcecode.swift; path = UserSettings.swift; sourceTree = "<group>"; };
		B230A4D629D01AF50082A435 /* MenuView.swift */ = {isa = PBXFileReference; lastKnownFileType = sourcecode.swift; path = MenuView.swift; sourceTree = "<group>"; };
		B25C487A29CFB6F40023205F /* GitBar.app */ = {isa = PBXFileReference; explicitFileType = wrapper.application; includeInIndex = 0; path = GitBar.app; sourceTree = BUILT_PRODUCTS_DIR; };
		B25C487D29CFB6F40023205F /* GitBarApp.swift */ = {isa = PBXFileReference; lastKnownFileType = sourcecode.swift; path = GitBarApp.swift; sourceTree = "<group>"; };
		B25C488129CFB6F60023205F /* Assets.xcassets */ = {isa = PBXFileReference; lastKnownFileType = folder.assetcatalog; path = Assets.xcassets; sourceTree = "<group>"; };
		B25C488429CFB6F60023205F /* Preview Assets.xcassets */ = {isa = PBXFileReference; lastKnownFileType = folder.assetcatalog; path = "Preview Assets.xcassets"; sourceTree = "<group>"; };
		B25C488629CFB6F60023205F /* GitBar.entitlements */ = {isa = PBXFileReference; lastKnownFileType = text.plist.entitlements; path = GitBar.entitlements; sourceTree = "<group>"; };
		B25C488E29CFBA880023205F /* WebService.swift */ = {isa = PBXFileReference; lastKnownFileType = sourcecode.swift; path = WebService.swift; sourceTree = "<group>"; };
		B25C489529CFC4E70023205F /* ContentView.swift */ = {isa = PBXFileReference; lastKnownFileType = sourcecode.swift; path = ContentView.swift; sourceTree = "<group>"; };
		B25C489929CFD2690023205F /* Credits.rtf */ = {isa = PBXFileReference; lastKnownFileType = text.rtf; path = Credits.rtf; sourceTree = "<group>"; };
		B25C489B29CFDA620023205F /* SettingsView.swift */ = {isa = PBXFileReference; lastKnownFileType = sourcecode.swift; path = SettingsView.swift; sourceTree = "<group>"; };
/* End PBXFileReference section */

/* Begin PBXFrameworksBuildPhase section */
		B25C487729CFB6F40023205F /* Frameworks */ = {
			isa = PBXFrameworksBuildPhase;
			buildActionMask = 2147483647;
			files = (
			);
			runOnlyForDeploymentPostprocessing = 0;
		};
/* End PBXFrameworksBuildPhase section */

/* Begin PBXGroup section */
		B23089BD29D04E97005AB167 /* Views */ = {
			isa = PBXGroup;
			children = (
				B25C489529CFC4E70023205F /* ContentView.swift */,
				B25C489B29CFDA620023205F /* SettingsView.swift */,
				B230A4D629D01AF50082A435 /* MenuView.swift */,
			);
			path = Views;
			sourceTree = "<group>";
		};
		B25C487129CFB6F40023205F = {
			isa = PBXGroup;
			children = (
				B25C487C29CFB6F40023205F /* GitBar */,
				B25C487B29CFB6F40023205F /* Products */,
			);
			sourceTree = "<group>";
		};
		B25C487B29CFB6F40023205F /* Products */ = {
			isa = PBXGroup;
			children = (
				B25C487A29CFB6F40023205F /* GitBar.app */,
			);
			name = Products;
			sourceTree = "<group>";
		};
		B25C487C29CFB6F40023205F /* GitBar */ = {
			isa = PBXGroup;
			children = (
				B23089BD29D04E97005AB167 /* Views */,
				B25C488629CFB6F60023205F /* GitBar.entitlements */,
				B25C487D29CFB6F40023205F /* GitBarApp.swift */,
				B25C488E29CFBA880023205F /* WebService.swift */,
				B25C488129CFB6F60023205F /* Assets.xcassets */,
				B25C488329CFB6F60023205F /* Preview Content */,
				B25C489929CFD2690023205F /* Credits.rtf */,
				B23089C029D05620005AB167 /* UserSettings.swift */,
			);
			path = GitBar;
			sourceTree = "<group>";
		};
		B25C488329CFB6F60023205F /* Preview Content */ = {
			isa = PBXGroup;
			children = (
				B25C488429CFB6F60023205F /* Preview Assets.xcassets */,
			);
			path = "Preview Content";
			sourceTree = "<group>";
		};
/* End PBXGroup section */

/* Begin PBXNativeTarget section */
		B25C487929CFB6F40023205F /* GitBar */ = {
			isa = PBXNativeTarget;
			buildConfigurationList = B25C488929CFB6F60023205F /* Build configuration list for PBXNativeTarget "GitBar" */;
			buildPhases = (
				B25C487629CFB6F40023205F /* Sources */,
				B25C487729CFB6F40023205F /* Frameworks */,
				B25C487829CFB6F40023205F /* Resources */,
			);
			buildRules = (
			);
			dependencies = (
			);
			name = GitBar;
			productName = GitBar;
			productReference = B25C487A29CFB6F40023205F /* GitBar.app */;
			productType = "com.apple.product-type.application";
		};
/* End PBXNativeTarget section */

/* Begin PBXProject section */
		B25C487229CFB6F40023205F /* Project object */ = {
			isa = PBXProject;
			attributes = {
				BuildIndependentTargetsInParallel = 1;
				LastSwiftUpdateCheck = 1420;
				LastUpgradeCheck = 1420;
				TargetAttributes = {
					B25C487929CFB6F40023205F = {
						CreatedOnToolsVersion = 14.2;
					};
				};
			};
			buildConfigurationList = B25C487529CFB6F40023205F /* Build configuration list for PBXProject "GitBar" */;
			compatibilityVersion = "Xcode 14.0";
			developmentRegion = en;
			hasScannedForEncodings = 0;
			knownRegions = (
				en,
				Base,
			);
			mainGroup = B25C487129CFB6F40023205F;
			productRefGroup = B25C487B29CFB6F40023205F /* Products */;
			projectDirPath = "";
			projectRoot = "";
			targets = (
				B25C487929CFB6F40023205F /* GitBar */,
			);
		};
/* End PBXProject section */

/* Begin PBXResourcesBuildPhase section */
		B25C487829CFB6F40023205F /* Resources */ = {
			isa = PBXResourcesBuildPhase;
			buildActionMask = 2147483647;
			files = (
				B25C488529CFB6F60023205F /* Preview Assets.xcassets in Resources */,
				B25C489A29CFD2690023205F /* Credits.rtf in Resources */,
				B25C488229CFB6F60023205F /* Assets.xcassets in Resources */,
			);
			runOnlyForDeploymentPostprocessing = 0;
		};
/* End PBXResourcesBuildPhase section */

/* Begin PBXSourcesBuildPhase section */
		B25C487629CFB6F40023205F /* Sources */ = {
			isa = PBXSourcesBuildPhase;
			buildActionMask = 2147483647;
			files = (
				B25C489C29CFDA620023205F /* SettingsView.swift in Sources */,
				B230A4D729D01AF50082A435 /* MenuView.swift in Sources */,
				B25C487E29CFB6F40023205F /* GitBarApp.swift in Sources */,
				B25C489629CFC4E70023205F /* ContentView.swift in Sources */,
				B23089C129D05620005AB167 /* UserSettings.swift in Sources */,
				B25C488F29CFBA880023205F /* WebService.swift in Sources */,
			);
			runOnlyForDeploymentPostprocessing = 0;
		};
/* End PBXSourcesBuildPhase section */

/* Begin XCBuildConfiguration section */
		B25C488729CFB6F60023205F /* Debug */ = {
			isa = XCBuildConfiguration;
			buildSettings = {
				ALWAYS_SEARCH_USER_PATHS = NO;
				CLANG_ANALYZER_NONNULL = YES;
				CLANG_ANALYZER_NUMBER_OBJECT_CONVERSION = YES_AGGRESSIVE;
				CLANG_CXX_LANGUAGE_STANDARD = "gnu++20";
				CLANG_ENABLE_MODULES = YES;
				CLANG_ENABLE_OBJC_ARC = YES;
				CLANG_ENABLE_OBJC_WEAK = YES;
				CLANG_WARN_BLOCK_CAPTURE_AUTORELEASING = YES;
				CLANG_WARN_BOOL_CONVERSION = YES;
				CLANG_WARN_COMMA = YES;
				CLANG_WARN_CONSTANT_CONVERSION = YES;
				CLANG_WARN_DEPRECATED_OBJC_IMPLEMENTATIONS = YES;
				CLANG_WARN_DIRECT_OBJC_ISA_USAGE = YES_ERROR;
				CLANG_WARN_DOCUMENTATION_COMMENTS = YES;
				CLANG_WARN_EMPTY_BODY = YES;
				CLANG_WARN_ENUM_CONVERSION = YES;
				CLANG_WARN_INFINITE_RECURSION = YES;
				CLANG_WARN_INT_CONVERSION = YES;
				CLANG_WARN_NON_LITERAL_NULL_CONVERSION = YES;
				CLANG_WARN_OBJC_IMPLICIT_RETAIN_SELF = YES;
				CLANG_WARN_OBJC_LITERAL_CONVERSION = YES;
				CLANG_WARN_OBJC_ROOT_CLASS = YES_ERROR;
				CLANG_WARN_QUOTED_INCLUDE_IN_FRAMEWORK_HEADER = YES;
				CLANG_WARN_RANGE_LOOP_ANALYSIS = YES;
				CLANG_WARN_STRICT_PROTOTYPES = YES;
				CLANG_WARN_SUSPICIOUS_MOVE = YES;
				CLANG_WARN_UNGUARDED_AVAILABILITY = YES_AGGRESSIVE;
				CLANG_WARN_UNREACHABLE_CODE = YES;
				CLANG_WARN__DUPLICATE_METHOD_MATCH = YES;
				COPY_PHASE_STRIP = NO;
				DEBUG_INFORMATION_FORMAT = dwarf;
				ENABLE_STRICT_OBJC_MSGSEND = YES;
				ENABLE_TESTABILITY = YES;
				GCC_C_LANGUAGE_STANDARD = gnu11;
				GCC_DYNAMIC_NO_PIC = NO;
				GCC_NO_COMMON_BLOCKS = YES;
				GCC_OPTIMIZATION_LEVEL = 0;
				GCC_PREPROCESSOR_DEFINITIONS = (
					"DEBUG=1",
					"$(inherited)",
				);
				GCC_WARN_64_TO_32_BIT_CONVERSION = YES;
				GCC_WARN_ABOUT_RETURN_TYPE = YES_ERROR;
				GCC_WARN_UNDECLARED_SELECTOR = YES;
				GCC_WARN_UNINITIALIZED_AUTOS = YES_AGGRESSIVE;
				GCC_WARN_UNUSED_FUNCTION = YES;
				GCC_WARN_UNUSED_VARIABLE = YES;
				MACOSX_DEPLOYMENT_TARGET = 13.1;
				MTL_ENABLE_DEBUG_INFO = INCLUDE_SOURCE;
				MTL_FAST_MATH = YES;
				ONLY_ACTIVE_ARCH = YES;
				SDKROOT = macosx;
				SWIFT_ACTIVE_COMPILATION_CONDITIONS = DEBUG;
				SWIFT_OPTIMIZATION_LEVEL = "-Onone";
			};
			name = Debug;
		};
		B25C488829CFB6F60023205F /* Release */ = {
			isa = XCBuildConfiguration;
			buildSettings = {
				ALWAYS_SEARCH_USER_PATHS = NO;
				CLANG_ANALYZER_NONNULL = YES;
				CLANG_ANALYZER_NUMBER_OBJECT_CONVERSION = YES_AGGRESSIVE;
				CLANG_CXX_LANGUAGE_STANDARD = "gnu++20";
				CLANG_ENABLE_MODULES = YES;
				CLANG_ENABLE_OBJC_ARC = YES;
				CLANG_ENABLE_OBJC_WEAK = YES;
				CLANG_WARN_BLOCK_CAPTURE_AUTORELEASING = YES;
				CLANG_WARN_BOOL_CONVERSION = YES;
				CLANG_WARN_COMMA = YES;
				CLANG_WARN_CONSTANT_CONVERSION = YES;
				CLANG_WARN_DEPRECATED_OBJC_IMPLEMENTATIONS = YES;
				CLANG_WARN_DIRECT_OBJC_ISA_USAGE = YES_ERROR;
				CLANG_WARN_DOCUMENTATION_COMMENTS = YES;
				CLANG_WARN_EMPTY_BODY = YES;
				CLANG_WARN_ENUM_CONVERSION = YES;
				CLANG_WARN_INFINITE_RECURSION = YES;
				CLANG_WARN_INT_CONVERSION = YES;
				CLANG_WARN_NON_LITERAL_NULL_CONVERSION = YES;
				CLANG_WARN_OBJC_IMPLICIT_RETAIN_SELF = YES;
				CLANG_WARN_OBJC_LITERAL_CONVERSION = YES;
				CLANG_WARN_OBJC_ROOT_CLASS = YES_ERROR;
				CLANG_WARN_QUOTED_INCLUDE_IN_FRAMEWORK_HEADER = YES;
				CLANG_WARN_RANGE_LOOP_ANALYSIS = YES;
				CLANG_WARN_STRICT_PROTOTYPES = YES;
				CLANG_WARN_SUSPICIOUS_MOVE = YES;
				CLANG_WARN_UNGUARDED_AVAILABILITY = YES_AGGRESSIVE;
				CLANG_WARN_UNREACHABLE_CODE = YES;
				CLANG_WARN__DUPLICATE_METHOD_MATCH = YES;
				COPY_PHASE_STRIP = NO;
				DEBUG_INFORMATION_FORMAT = "dwarf-with-dsym";
				ENABLE_NS_ASSERTIONS = NO;
				ENABLE_STRICT_OBJC_MSGSEND = YES;
				GCC_C_LANGUAGE_STANDARD = gnu11;
				GCC_NO_COMMON_BLOCKS = YES;
				GCC_WARN_64_TO_32_BIT_CONVERSION = YES;
				GCC_WARN_ABOUT_RETURN_TYPE = YES_ERROR;
				GCC_WARN_UNDECLARED_SELECTOR = YES;
				GCC_WARN_UNINITIALIZED_AUTOS = YES_AGGRESSIVE;
				GCC_WARN_UNUSED_FUNCTION = YES;
				GCC_WARN_UNUSED_VARIABLE = YES;
				MACOSX_DEPLOYMENT_TARGET = 13.1;
				MTL_ENABLE_DEBUG_INFO = NO;
				MTL_FAST_MATH = YES;
				SDKROOT = macosx;
				SWIFT_COMPILATION_MODE = wholemodule;
				SWIFT_OPTIMIZATION_LEVEL = "-O";
			};
			name = Release;
		};
		B25C488A29CFB6F60023205F /* Debug */ = {
			isa = XCBuildConfiguration;
			buildSettings = {
				ASSETCATALOG_COMPILER_APPICON_NAME = AppIcon;
				ASSETCATALOG_COMPILER_GLOBAL_ACCENT_COLOR_NAME = AccentColor;
				CODE_SIGN_ENTITLEMENTS = GitBar/GitBar.entitlements;
				CODE_SIGN_STYLE = Automatic;
				COMBINE_HIDPI_IMAGES = YES;
				CURRENT_PROJECT_VERSION = 1;
				DEVELOPMENT_ASSET_PATHS = "\"GitBar/Preview Content\"";
				DEVELOPMENT_TEAM = PJS3QD7FC7;
				ENABLE_HARDENED_RUNTIME = YES;
				ENABLE_PREVIEWS = YES;
				GENERATE_INFOPLIST_FILE = YES;
				INFOPLIST_KEY_LSUIElement = YES;
				INFOPLIST_KEY_NSHumanReadableCopyright = "";
				LD_RUNPATH_SEARCH_PATHS = (
					"$(inherited)",
					"@executable_path/../Frameworks",
				);
				MARKETING_VERSION = 1.0;
				PRODUCT_BUNDLE_IDENTIFIER = kreative.GitBar;
				PRODUCT_NAME = "$(TARGET_NAME)";
				SWIFT_EMIT_LOC_STRINGS = YES;
				SWIFT_VERSION = 5.0;
			};
			name = Debug;
		};
		B25C488B29CFB6F60023205F /* Release */ = {
			isa = XCBuildConfiguration;
			buildSettings = {
				ASSETCATALOG_COMPILER_APPICON_NAME = AppIcon;
				ASSETCATALOG_COMPILER_GLOBAL_ACCENT_COLOR_NAME = AccentColor;
				CODE_SIGN_ENTITLEMENTS = GitBar/GitBar.entitlements;
				CODE_SIGN_STYLE = Automatic;
				COMBINE_HIDPI_IMAGES = YES;
				CURRENT_PROJECT_VERSION = 1;
				DEVELOPMENT_ASSET_PATHS = "\"GitBar/Preview Content\"";
				DEVELOPMENT_TEAM = PJS3QD7FC7;
				ENABLE_HARDENED_RUNTIME = YES;
				ENABLE_PREVIEWS = YES;
				GENERATE_INFOPLIST_FILE = YES;
				INFOPLIST_KEY_LSUIElement = YES;
				INFOPLIST_KEY_NSHumanReadableCopyright = "";
				LD_RUNPATH_SEARCH_PATHS = (
					"$(inherited)",
					"@executable_path/../Frameworks",
				);
				MARKETING_VERSION = 1.0;
				PRODUCT_BUNDLE_IDENTIFIER = kreative.GitBar;
				PRODUCT_NAME = "$(TARGET_NAME)";
				SWIFT_EMIT_LOC_STRINGS = YES;
				SWIFT_VERSION = 5.0;
			};
			name = Release;
		};
/* End XCBuildConfiguration section */

/* Begin XCConfigurationList section */
		B25C487529CFB6F40023205F /* Build configuration list for PBXProject "GitBar" */ = {
			isa = XCConfigurationList;
			buildConfigurations = (
				B25C488729CFB6F60023205F /* Debug */,
				B25C488829CFB6F60023205F /* Release */,
			);
			defaultConfigurationIsVisible = 0;
			defaultConfigurationName = Release;
		};
		B25C488929CFB6F60023205F /* Build configuration list for PBXNativeTarget "GitBar" */ = {
			isa = XCConfigurationList;
			buildConfigurations = (
				B25C488A29CFB6F60023205F /* Debug */,
				B25C488B29CFB6F60023205F /* Release */,
			);
			defaultConfigurationIsVisible = 0;
			defaultConfigurationName = Release;
		};
/* End XCConfigurationList section */
	};
	rootObject = B25C487229CFB6F40023205F /* Project object */;
}
